
Microsoft Visual Studio Solution File, Format Version 12.00
# Visual Studio Version 16
VisualStudioVersion = 16.0.29411.108
MinimumVisualStudioVersion = 10.0.40219.1
Project("{FAE04EC0-301F-11D3-BF4B-00C04F79EFBC}") = "Schaken", "Schaken\Schaken.csproj", "{613E1D15-9CA7-4514-B59E-2D98E747A308}"
EndProject
Global
	GlobalSection(SolutionConfigurationPlatforms) = preSolution
		Debug|Any CPU = Debug|Any CPU
		Release|Any CPU = Release|Any CPU
	EndGlobalSection
	GlobalSection(ProjectConfigurationPlatforms) = postSolution
		{613E1D15-9CA7-4514-B59E-2D98E747A308}.Debug|Any CPU.ActiveCfg = Debug|Any CPU
		{613E1D15-9CA7-4514-B59E-2D98E747A308}.Debug|Any CPU.Build.0 = Debug|Any CPU
		{613E1D15-9CA7-4514-B59E-2D98E747A308}.Release|Any CPU.ActiveCfg = Release|Any CPU
		{613E1D15-9CA7-4514-B59E-2D98E747A308}.Release|Any CPU.Build.0 = Release|Any CPU
	EndGlobalSection
	GlobalSection(SolutionProperties) = preSolution
		HideSolutionNode = FALSE
	EndGlobalSection
	GlobalSection(ExtensibilityGlobals) = postSolution
		SolutionGuid = {AB971390-E80D-44C7-98BC-59EBD03A23B9}
	EndGlobalSection
EndGlobal
